
Microsoft Visual Studio Solution File, Format Version 12.00
# Visual Studio Version 16
VisualStudioVersion = 16.0.31624.102
MinimumVisualStudioVersion = 10.0.40219.1
Project("{9A19103F-16F7-4668-BE54-9A1E7A4F7556}") = "Inventario.COMMON", "Inventario.COMMON\Inventario.COMMON.csproj", "{3A3E6C10-0004-4495-94AA-67274EF3A9CA}"
EndProject
Project("{9A19103F-16F7-4668-BE54-9A1E7A4F7556}") = "Inventario.DAL", "Inventario.DAL\Inventario.DAL.csproj", "{CEFCE682-C687-4012-B4F4-10DCAEEDCB79}"
EndProject
Project("{FAE04EC0-301F-11D3-BF4B-00C04F79EFBC}") = "Inventario.BIZ", "Inventario.BIZ\Inventario.BIZ.csproj", "{B16256C2-B001-474D-AA5D-B77BA0212AB5}"
EndProject
Global
	GlobalSection(SolutionConfigurationPlatforms) = preSolution
		Debug|Any CPU = Debug|Any CPU
		Release|Any CPU = Release|Any CPU
	EndGlobalSection
	GlobalSection(ProjectConfigurationPlatforms) = postSolution
		{3A3E6C10-0004-4495-94AA-67274EF3A9CA}.Debug|Any CPU.ActiveCfg = Debug|Any CPU
		{3A3E6C10-0004-4495-94AA-67274EF3A9CA}.Debug|Any CPU.Build.0 = Debug|Any CPU
		{3A3E6C10-0004-4495-94AA-67274EF3A9CA}.Release|Any CPU.ActiveCfg = Release|Any CPU
		{3A3E6C10-0004-4495-94AA-67274EF3A9CA}.Release|Any CPU.Build.0 = Release|Any CPU
		{CEFCE682-C687-4012-B4F4-10DCAEEDCB79}.Debug|Any CPU.ActiveCfg = Debug|Any CPU
		{CEFCE682-C687-4012-B4F4-10DCAEEDCB79}.Debug|Any CPU.Build.0 = Debug|Any CPU
		{CEFCE682-C687-4012-B4F4-10DCAEEDCB79}.Release|Any CPU.ActiveCfg = Release|Any CPU
		{CEFCE682-C687-4012-B4F4-10DCAEEDCB79}.Release|Any CPU.Build.0 = Release|Any CPU
		{B16256C2-B001-474D-AA5D-B77BA0212AB5}.Debug|Any CPU.ActiveCfg = Debug|Any CPU
		{B16256C2-B001-474D-AA5D-B77BA0212AB5}.Debug|Any CPU.Build.0 = Debug|Any CPU
		{B16256C2-B001-474D-AA5D-B77BA0212AB5}.Release|Any CPU.ActiveCfg = Release|Any CPU
		{B16256C2-B001-474D-AA5D-B77BA0212AB5}.Release|Any CPU.Build.0 = Release|Any CPU
	EndGlobalSection
	GlobalSection(SolutionProperties) = preSolution
		HideSolutionNode = FALSE
	EndGlobalSection
	GlobalSection(ExtensibilityGlobals) = postSolution
		SolutionGuid = {3A55C659-1866-4258-928C-846E3E3F573B}
	EndGlobalSection
EndGlobal
